// !$*UTF8*$!
{
	archiveVersion = 1;
	classes = {
	};
	objectVersion = 51;
	objects = {

/* Begin PBXBuildFile section */
		30FE21BC236385B7006B8A21 /* AppDelegate.swift in Sources */ = {isa = PBXBuildFile; fileRef = 30FE21BB236385B7006B8A21 /* AppDelegate.swift */; };
		30FE21BE236385B7006B8A21 /* SceneDelegate.swift in Sources */ = {isa = PBXBuildFile; fileRef = 30FE21BD236385B7006B8A21 /* SceneDelegate.swift */; };
		30FE21C3236385B7006B8A21 /* Main.storyboard in Resources */ = {isa = PBXBuildFile; fileRef = 30FE21C1236385B7006B8A21 /* Main.storyboard */; };
		30FE21C5236385B9006B8A21 /* Assets.xcassets in Resources */ = {isa = PBXBuildFile; fileRef = 30FE21C4236385B9006B8A21 /* Assets.xcassets */; };
		30FE21C8236385B9006B8A21 /* LaunchScreen.storyboard in Resources */ = {isa = PBXBuildFile; fileRef = 30FE21C6236385B9006B8A21 /* LaunchScreen.storyboard */; };
		30FE21D3236385BA006B8A21 /* _00px_AssessmentTests.swift in Sources */ = {isa = PBXBuildFile; fileRef = 30FE21D2236385BA006B8A21 /* _00px_AssessmentTests.swift */; };
		30FE21DE2363896D006B8A21 /* PhotosTableViewController.swift in Sources */ = {isa = PBXBuildFile; fileRef = 30FE21DD2363896D006B8A21 /* PhotosTableViewController.swift */; };
		459A0874D5DFB1069928877A /* Pods_500px_Assessment.framework in Frameworks */ = {isa = PBXBuildFile; fileRef = F8A3758B96958FC0FF239C87 /* Pods_500px_Assessment.framework */; };
		9162647313C54A36FCEE783B /* Pods_500px_AssessmentTests.framework in Frameworks */ = {isa = PBXBuildFile; fileRef = F602B85B7E542DCA35652789 /* Pods_500px_AssessmentTests.framework */; };
/* End PBXBuildFile section */

/* Begin PBXContainerItemProxy section */
		30FE21CF236385BA006B8A21 /* PBXContainerItemProxy */ = {
			isa = PBXContainerItemProxy;
			containerPortal = 30FE21B0236385B7006B8A21 /* Project object */;
			proxyType = 1;
			remoteGlobalIDString = 30FE21B7236385B7006B8A21;
			remoteInfo = "500px Assessment";
		};
/* End PBXContainerItemProxy section */

/* Begin PBXFileReference section */
		024866E552DCBA8FD8742857 /* Pods-500px AssessmentTests.release.xcconfig */ = {isa = PBXFileReference; includeInIndex = 1; lastKnownFileType = text.xcconfig; name = "Pods-500px AssessmentTests.release.xcconfig"; path = "Target Support Files/Pods-500px AssessmentTests/Pods-500px AssessmentTests.release.xcconfig"; sourceTree = "<group>"; };
		30FE21B8236385B7006B8A21 /* 500px Assessment.app */ = {isa = PBXFileReference; explicitFileType = wrapper.application; includeInIndex = 0; path = "500px Assessment.app"; sourceTree = BUILT_PRODUCTS_DIR; };
		30FE21BB236385B7006B8A21 /* AppDelegate.swift */ = {isa = PBXFileReference; lastKnownFileType = sourcecode.swift; path = AppDelegate.swift; sourceTree = "<group>"; };
		30FE21BD236385B7006B8A21 /* SceneDelegate.swift */ = {isa = PBXFileReference; lastKnownFileType = sourcecode.swift; path = SceneDelegate.swift; sourceTree = "<group>"; };
		30FE21C2236385B7006B8A21 /* Base */ = {isa = PBXFileReference; lastKnownFileType = file.storyboard; name = Base; path = Base.lproj/Main.storyboard; sourceTree = "<group>"; };
		30FE21C4236385B9006B8A21 /* Assets.xcassets */ = {isa = PBXFileReference; lastKnownFileType = folder.assetcatalog; path = Assets.xcassets; sourceTree = "<group>"; };
		30FE21C7236385B9006B8A21 /* Base */ = {isa = PBXFileReference; lastKnownFileType = file.storyboard; name = Base; path = Base.lproj/LaunchScreen.storyboard; sourceTree = "<group>"; };
		30FE21C9236385B9006B8A21 /* Info.plist */ = {isa = PBXFileReference; lastKnownFileType = text.plist.xml; path = Info.plist; sourceTree = "<group>"; };
		30FE21CE236385BA006B8A21 /* 500px AssessmentTests.xctest */ = {isa = PBXFileReference; explicitFileType = wrapper.cfbundle; includeInIndex = 0; path = "500px AssessmentTests.xctest"; sourceTree = BUILT_PRODUCTS_DIR; };
		30FE21D2236385BA006B8A21 /* _00px_AssessmentTests.swift */ = {isa = PBXFileReference; lastKnownFileType = sourcecode.swift; path = _00px_AssessmentTests.swift; sourceTree = "<group>"; };
		30FE21D4236385BA006B8A21 /* Info.plist */ = {isa = PBXFileReference; lastKnownFileType = text.plist.xml; path = Info.plist; sourceTree = "<group>"; };
		30FE21DD2363896D006B8A21 /* PhotosTableViewController.swift */ = {isa = PBXFileReference; lastKnownFileType = sourcecode.swift; path = PhotosTableViewController.swift; sourceTree = "<group>"; };
		9CEF0CED7B5FD8E45FDA2B72 /* Pods-500px Assessment.release.xcconfig */ = {isa = PBXFileReference; includeInIndex = 1; lastKnownFileType = text.xcconfig; name = "Pods-500px Assessment.release.xcconfig"; path = "Target Support Files/Pods-500px Assessment/Pods-500px Assessment.release.xcconfig"; sourceTree = "<group>"; };
		CB0D129BB1C85D2A883F706D /* Pods-500px Assessment.debug.xcconfig */ = {isa = PBXFileReference; includeInIndex = 1; lastKnownFileType = text.xcconfig; name = "Pods-500px Assessment.debug.xcconfig"; path = "Target Support Files/Pods-500px Assessment/Pods-500px Assessment.debug.xcconfig"; sourceTree = "<group>"; };
		D70834A1128CAE004AFF41AD /* Pods-500px AssessmentTests.debug.xcconfig */ = {isa = PBXFileReference; includeInIndex = 1; lastKnownFileType = text.xcconfig; name = "Pods-500px AssessmentTests.debug.xcconfig"; path = "Target Support Files/Pods-500px AssessmentTests/Pods-500px AssessmentTests.debug.xcconfig"; sourceTree = "<group>"; };
		F602B85B7E542DCA35652789 /* Pods_500px_AssessmentTests.framework */ = {isa = PBXFileReference; explicitFileType = wrapper.framework; includeInIndex = 0; path = Pods_500px_AssessmentTests.framework; sourceTree = BUILT_PRODUCTS_DIR; };
		F8A3758B96958FC0FF239C87 /* Pods_500px_Assessment.framework */ = {isa = PBXFileReference; explicitFileType = wrapper.framework; includeInIndex = 0; path = Pods_500px_Assessment.framework; sourceTree = BUILT_PRODUCTS_DIR; };
/* End PBXFileReference section */

/* Begin PBXFrameworksBuildPhase section */
		30FE21B5236385B7006B8A21 /* Frameworks */ = {
			isa = PBXFrameworksBuildPhase;
			buildActionMask = 2147483647;
			files = (
				459A0874D5DFB1069928877A /* Pods_500px_Assessment.framework in Frameworks */,
			);
			runOnlyForDeploymentPostprocessing = 0;
		};
		30FE21CB236385BA006B8A21 /* Frameworks */ = {
			isa = PBXFrameworksBuildPhase;
			buildActionMask = 2147483647;
			files = (
				9162647313C54A36FCEE783B /* Pods_500px_AssessmentTests.framework in Frameworks */,
			);
			runOnlyForDeploymentPostprocessing = 0;
		};
/* End PBXFrameworksBuildPhase section */

/* Begin PBXGroup section */
		053BA561E1A587FC261C2F96 /* Frameworks */ = {
			isa = PBXGroup;
			children = (
				F8A3758B96958FC0FF239C87 /* Pods_500px_Assessment.framework */,
				F602B85B7E542DCA35652789 /* Pods_500px_AssessmentTests.framework */,
			);
			name = Frameworks;
			sourceTree = "<group>";
		};
		13B15545B6CC8AA9FE8662AC /* Pods */ = {
			isa = PBXGroup;
			children = (
				CB0D129BB1C85D2A883F706D /* Pods-500px Assessment.debug.xcconfig */,
				9CEF0CED7B5FD8E45FDA2B72 /* Pods-500px Assessment.release.xcconfig */,
				D70834A1128CAE004AFF41AD /* Pods-500px AssessmentTests.debug.xcconfig */,
				024866E552DCBA8FD8742857 /* Pods-500px AssessmentTests.release.xcconfig */,
			);
			path = Pods;
			sourceTree = "<group>";
		};
		30FE21AF236385B7006B8A21 = {
			isa = PBXGroup;
			children = (
				30FE21BA236385B7006B8A21 /* 500px Assessment */,
				30FE21D1236385BA006B8A21 /* 500px AssessmentTests */,
				30FE21B9236385B7006B8A21 /* Products */,
				13B15545B6CC8AA9FE8662AC /* Pods */,
				053BA561E1A587FC261C2F96 /* Frameworks */,
			);
			sourceTree = "<group>";
		};
		30FE21B9236385B7006B8A21 /* Products */ = {
			isa = PBXGroup;
			children = (
				30FE21B8236385B7006B8A21 /* 500px Assessment.app */,
				30FE21CE236385BA006B8A21 /* 500px AssessmentTests.xctest */,
			);
			name = Products;
			sourceTree = "<group>";
		};
		30FE21BA236385B7006B8A21 /* 500px Assessment */ = {
			isa = PBXGroup;
			children = (
				30FE21BB236385B7006B8A21 /* AppDelegate.swift */,
				30FE21BD236385B7006B8A21 /* SceneDelegate.swift */,
				30FE21C1236385B7006B8A21 /* Main.storyboard */,
				30FE21C4236385B9006B8A21 /* Assets.xcassets */,
				30FE21C6236385B9006B8A21 /* LaunchScreen.storyboard */,
				30FE21C9236385B9006B8A21 /* Info.plist */,
				30FE21DD2363896D006B8A21 /* PhotosTableViewController.swift */,
			);
			path = "500px Assessment";
			sourceTree = "<group>";
		};
		30FE21D1236385BA006B8A21 /* 500px AssessmentTests */ = {
			isa = PBXGroup;
			children = (
				30FE21D2236385BA006B8A21 /* _00px_AssessmentTests.swift */,
				30FE21D4236385BA006B8A21 /* Info.plist */,
			);
			path = "500px AssessmentTests";
			sourceTree = "<group>";
		};
/* End PBXGroup section */

/* Begin PBXNativeTarget section */
		30FE21B7236385B7006B8A21 /* 500px Assessment */ = {
			isa = PBXNativeTarget;
			buildConfigurationList = 30FE21D7236385BA006B8A21 /* Build configuration list for PBXNativeTarget "500px Assessment" */;
			buildPhases = (
				B1ADEE45E66E7B56026A5F4D /* [CP] Check Pods Manifest.lock */,
				30FE21B4236385B7006B8A21 /* Sources */,
				30FE21B5236385B7006B8A21 /* Frameworks */,
				30FE21B6236385B7006B8A21 /* Resources */,
				CCD2DDBD80BFFCCD4D659D37 /* [CP] Embed Pods Frameworks */,
			);
			buildRules = (
			);
			dependencies = (
			);
			name = "500px Assessment";
			productName = "500px Assessment";
			productReference = 30FE21B8236385B7006B8A21 /* 500px Assessment.app */;
			productType = "com.apple.product-type.application";
		};
		30FE21CD236385BA006B8A21 /* 500px AssessmentTests */ = {
			isa = PBXNativeTarget;
			buildConfigurationList = 30FE21DA236385BA006B8A21 /* Build configuration list for PBXNativeTarget "500px AssessmentTests" */;
			buildPhases = (
				4CE351C94BA988380158BB80 /* [CP] Check Pods Manifest.lock */,
				30FE21CA236385BA006B8A21 /* Sources */,
				30FE21CB236385BA006B8A21 /* Frameworks */,
				30FE21CC236385BA006B8A21 /* Resources */,
			);
			buildRules = (
			);
			dependencies = (
				30FE21D0236385BA006B8A21 /* PBXTargetDependency */,
			);
			name = "500px AssessmentTests";
			productName = "500px AssessmentTests";
			productReference = 30FE21CE236385BA006B8A21 /* 500px AssessmentTests.xctest */;
			productType = "com.apple.product-type.bundle.unit-test";
		};
/* End PBXNativeTarget section */

/* Begin PBXProject section */
		30FE21B0236385B7006B8A21 /* Project object */ = {
			isa = PBXProject;
			attributes = {
				LastSwiftUpdateCheck = 1110;
				LastUpgradeCheck = 1110;
				ORGANIZATIONNAME = "Saim Zahid";
				TargetAttributes = {
					30FE21B7236385B7006B8A21 = {
						CreatedOnToolsVersion = 11.1;
					};
					30FE21CD236385BA006B8A21 = {
						CreatedOnToolsVersion = 11.1;
						TestTargetID = 30FE21B7236385B7006B8A21;
					};
				};
			};
			buildConfigurationList = 30FE21B3236385B7006B8A21 /* Build configuration list for PBXProject "500px Assessment" */;
			compatibilityVersion = "Xcode 9.3";
			developmentRegion = en;
			hasScannedForEncodings = 0;
			knownRegions = (
				en,
				Base,
			);
			mainGroup = 30FE21AF236385B7006B8A21;
			productRefGroup = 30FE21B9236385B7006B8A21 /* Products */;
			projectDirPath = "";
			projectRoot = "";
			targets = (
				30FE21B7236385B7006B8A21 /* 500px Assessment */,
				30FE21CD236385BA006B8A21 /* 500px AssessmentTests */,
			);
		};
/* End PBXProject section */

/* Begin PBXResourcesBuildPhase section */
		30FE21B6236385B7006B8A21 /* Resources */ = {
			isa = PBXResourcesBuildPhase;
			buildActionMask = 2147483647;
			files = (
				30FE21C8236385B9006B8A21 /* LaunchScreen.storyboard in Resources */,
				30FE21C5236385B9006B8A21 /* Assets.xcassets in Resources */,
				30FE21C3236385B7006B8A21 /* Main.storyboard in Resources */,
			);
			runOnlyForDeploymentPostprocessing = 0;
		};
		30FE21CC236385BA006B8A21 /* Resources */ = {
			isa = PBXResourcesBuildPhase;
			buildActionMask = 2147483647;
			files = (
			);
			runOnlyForDeploymentPostprocessing = 0;
		};
/* End PBXResourcesBuildPhase section */

/* Begin PBXShellScriptBuildPhase section */
		4CE351C94BA988380158BB80 /* [CP] Check Pods Manifest.lock */ = {
			isa = PBXShellScriptBuildPhase;
			buildActionMask = 2147483647;
			files = (
			);
			inputFileListPaths = (
			);
			inputPaths = (
				"${PODS_PODFILE_DIR_PATH}/Podfile.lock",
				"${PODS_ROOT}/Manifest.lock",
			);
			name = "[CP] Check Pods Manifest.lock";
			outputFileListPaths = (
			);
			outputPaths = (
				"$(DERIVED_FILE_DIR)/Pods-500px AssessmentTests-checkManifestLockResult.txt",
			);
			runOnlyForDeploymentPostprocessing = 0;
			shellPath = /bin/sh;
			shellScript = "diff \"${PODS_PODFILE_DIR_PATH}/Podfile.lock\" \"${PODS_ROOT}/Manifest.lock\" > /dev/null\nif [ $? != 0 ] ; then\n    # print error to STDERR\n    echo \"error: The sandbox is not in sync with the Podfile.lock. Run 'pod install' or update your CocoaPods installation.\" >&2\n    exit 1\nfi\n# This output is used by Xcode 'outputs' to avoid re-running this script phase.\necho \"SUCCESS\" > \"${SCRIPT_OUTPUT_FILE_0}\"\n";
			showEnvVarsInLog = 0;
		};
		B1ADEE45E66E7B56026A5F4D /* [CP] Check Pods Manifest.lock */ = {
			isa = PBXShellScriptBuildPhase;
			buildActionMask = 2147483647;
			files = (
			);
			inputFileListPaths = (
			);
			inputPaths = (
				"${PODS_PODFILE_DIR_PATH}/Podfile.lock",
				"${PODS_ROOT}/Manifest.lock",
			);
			name = "[CP] Check Pods Manifest.lock";
			outputFileListPaths = (
			);
			outputPaths = (
				"$(DERIVED_FILE_DIR)/Pods-500px Assessment-checkManifestLockResult.txt",
			);
			runOnlyForDeploymentPostprocessing = 0;
			shellPath = /bin/sh;
			shellScript = "diff \"${PODS_PODFILE_DIR_PATH}/Podfile.lock\" \"${PODS_ROOT}/Manifest.lock\" > /dev/null\nif [ $? != 0 ] ; then\n    # print error to STDERR\n    echo \"error: The sandbox is not in sync with the Podfile.lock. Run 'pod install' or update your CocoaPods installation.\" >&2\n    exit 1\nfi\n# This output is used by Xcode 'outputs' to avoid re-running this script phase.\necho \"SUCCESS\" > \"${SCRIPT_OUTPUT_FILE_0}\"\n";
			showEnvVarsInLog = 0;
		};
		CCD2DDBD80BFFCCD4D659D37 /* [CP] Embed Pods Frameworks */ = {
			isa = PBXShellScriptBuildPhase;
			buildActionMask = 2147483647;
			files = (
			);
			inputFileListPaths = (
				"${PODS_ROOT}/Target Support Files/Pods-500px Assessment/Pods-500px Assessment-frameworks-${CONFIGURATION}-input-files.xcfilelist",
			);
			name = "[CP] Embed Pods Frameworks";
			outputFileListPaths = (
				"${PODS_ROOT}/Target Support Files/Pods-500px Assessment/Pods-500px Assessment-frameworks-${CONFIGURATION}-output-files.xcfilelist",
			);
			runOnlyForDeploymentPostprocessing = 0;
			shellPath = /bin/sh;
			shellScript = "\"${PODS_ROOT}/Target Support Files/Pods-500px Assessment/Pods-500px Assessment-frameworks.sh\"\n";
			showEnvVarsInLog = 0;
		};
/* End PBXShellScriptBuildPhase section */

/* Begin PBXSourcesBuildPhase section */
		30FE21B4236385B7006B8A21 /* Sources */ = {
			isa = PBXSourcesBuildPhase;
			buildActionMask = 2147483647;
			files = (
				30FE21BC236385B7006B8A21 /* AppDelegate.swift in Sources */,
				30FE21BE236385B7006B8A21 /* SceneDelegate.swift in Sources */,
				30FE21DE2363896D006B8A21 /* PhotosTableViewController.swift in Sources */,
			);
			runOnlyForDeploymentPostprocessing = 0;
		};
		30FE21CA236385BA006B8A21 /* Sources */ = {
			isa = PBXSourcesBuildPhase;
			buildActionMask = 2147483647;
			files = (
				30FE21D3236385BA006B8A21 /* _00px_AssessmentTests.swift in Sources */,
			);
			runOnlyForDeploymentPostprocessing = 0;
		};
/* End PBXSourcesBuildPhase section */

/* Begin PBXTargetDependency section */
		30FE21D0236385BA006B8A21 /* PBXTargetDependency */ = {
			isa = PBXTargetDependency;
			target = 30FE21B7236385B7006B8A21 /* 500px Assessment */;
			targetProxy = 30FE21CF236385BA006B8A21 /* PBXContainerItemProxy */;
		};
/* End PBXTargetDependency section */

/* Begin PBXVariantGroup section */
		30FE21C1236385B7006B8A21 /* Main.storyboard */ = {
			isa = PBXVariantGroup;
			children = (
				30FE21C2236385B7006B8A21 /* Base */,
			);
			name = Main.storyboard;
			sourceTree = "<group>";
		};
		30FE21C6236385B9006B8A21 /* LaunchScreen.storyboard */ = {
			isa = PBXVariantGroup;
			children = (
				30FE21C7236385B9006B8A21 /* Base */,
			);
			name = LaunchScreen.storyboard;
			sourceTree = "<group>";
		};
/* End PBXVariantGroup section */

/* Begin XCBuildConfiguration section */
		30FE21D5236385BA006B8A21 /* Debug */ = {
			isa = XCBuildConfiguration;
			buildSettings = {
				ALWAYS_SEARCH_USER_PATHS = NO;
				CLANG_ANALYZER_NONNULL = YES;
				CLANG_ANALYZER_NUMBER_OBJECT_CONVERSION = YES_AGGRESSIVE;
				CLANG_CXX_LANGUAGE_STANDARD = "gnu++14";
				CLANG_CXX_LIBRARY = "libc++";
				CLANG_ENABLE_MODULES = YES;
				CLANG_ENABLE_OBJC_ARC = YES;
				CLANG_ENABLE_OBJC_WEAK = YES;
				CLANG_WARN_BLOCK_CAPTURE_AUTORELEASING = YES;
				CLANG_WARN_BOOL_CONVERSION = YES;
				CLANG_WARN_COMMA = YES;
				CLANG_WARN_CONSTANT_CONVERSION = YES;
				CLANG_WARN_DEPRECATED_OBJC_IMPLEMENTATIONS = YES;
				CLANG_WARN_DIRECT_OBJC_ISA_USAGE = YES_ERROR;
				CLANG_WARN_DOCUMENTATION_COMMENTS = YES;
				CLANG_WARN_EMPTY_BODY = YES;
				CLANG_WARN_ENUM_CONVERSION = YES;
				CLANG_WARN_INFINITE_RECURSION = YES;
				CLANG_WARN_INT_CONVERSION = YES;
				CLANG_WARN_NON_LITERAL_NULL_CONVERSION = YES;
				CLANG_WARN_OBJC_IMPLICIT_RETAIN_SELF = YES;
				CLANG_WARN_OBJC_LITERAL_CONVERSION = YES;
				CLANG_WARN_OBJC_ROOT_CLASS = YES_ERROR;
				CLANG_WARN_RANGE_LOOP_ANALYSIS = YES;
				CLANG_WARN_STRICT_PROTOTYPES = YES;
				CLANG_WARN_SUSPICIOUS_MOVE = YES;
				CLANG_WARN_UNGUARDED_AVAILABILITY = YES_AGGRESSIVE;
				CLANG_WARN_UNREACHABLE_CODE = YES;
				CLANG_WARN__DUPLICATE_METHOD_MATCH = YES;
				COPY_PHASE_STRIP = NO;
				DEBUG_INFORMATION_FORMAT = dwarf;
				ENABLE_STRICT_OBJC_MSGSEND = YES;
				ENABLE_TESTABILITY = YES;
				GCC_C_LANGUAGE_STANDARD = gnu11;
				GCC_DYNAMIC_NO_PIC = NO;
				GCC_NO_COMMON_BLOCKS = YES;
				GCC_OPTIMIZATION_LEVEL = 0;
				GCC_PREPROCESSOR_DEFINITIONS = (
					"DEBUG=1",
					"$(inherited)",
				);
				GCC_WARN_64_TO_32_BIT_CONVERSION = YES;
				GCC_WARN_ABOUT_RETURN_TYPE = YES_ERROR;
				GCC_WARN_UNDECLARED_SELECTOR = YES;
				GCC_WARN_UNINITIALIZED_AUTOS = YES_AGGRESSIVE;
				GCC_WARN_UNUSED_FUNCTION = YES;
				GCC_WARN_UNUSED_VARIABLE = YES;
				IPHONEOS_DEPLOYMENT_TARGET = 13.1;
				MTL_ENABLE_DEBUG_INFO = INCLUDE_SOURCE;
				MTL_FAST_MATH = YES;
				ONLY_ACTIVE_ARCH = YES;
				SDKROOT = iphoneos;
				SWIFT_ACTIVE_COMPILATION_CONDITIONS = DEBUG;
				SWIFT_OPTIMIZATION_LEVEL = "-Onone";
			};
			name = Debug;
		};
		30FE21D6236385BA006B8A21 /* Release */ = {
			isa = XCBuildConfiguration;
			buildSettings = {
				ALWAYS_SEARCH_USER_PATHS = NO;
				CLANG_ANALYZER_NONNULL = YES;
				CLANG_ANALYZER_NUMBER_OBJECT_CONVERSION = YES_AGGRESSIVE;
				CLANG_CXX_LANGUAGE_STANDARD = "gnu++14";
				CLANG_CXX_LIBRARY = "libc++";
				CLANG_ENABLE_MODULES = YES;
				CLANG_ENABLE_OBJC_ARC = YES;
				CLANG_ENABLE_OBJC_WEAK = YES;
				CLANG_WARN_BLOCK_CAPTURE_AUTORELEASING = YES;
				CLANG_WARN_BOOL_CONVERSION = YES;
				CLANG_WARN_COMMA = YES;
				CLANG_WARN_CONSTANT_CONVERSION = YES;
				CLANG_WARN_DEPRECATED_OBJC_IMPLEMENTATIONS = YES;
				CLANG_WARN_DIRECT_OBJC_ISA_USAGE = YES_ERROR;
				CLANG_WARN_DOCUMENTATION_COMMENTS = YES;
				CLANG_WARN_EMPTY_BODY = YES;
				CLANG_WARN_ENUM_CONVERSION = YES;
				CLANG_WARN_INFINITE_RECURSION = YES;
				CLANG_WARN_INT_CONVERSION = YES;
				CLANG_WARN_NON_LITERAL_NULL_CONVERSION = YES;
				CLANG_WARN_OBJC_IMPLICIT_RETAIN_SELF = YES;
				CLANG_WARN_OBJC_LITERAL_CONVERSION = YES;
				CLANG_WARN_OBJC_ROOT_CLASS = YES_ERROR;
				CLANG_WARN_RANGE_LOOP_ANALYSIS = YES;
				CLANG_WARN_STRICT_PROTOTYPES = YES;
				CLANG_WARN_SUSPICIOUS_MOVE = YES;
				CLANG_WARN_UNGUARDED_AVAILABILITY = YES_AGGRESSIVE;
				CLANG_WARN_UNREACHABLE_CODE = YES;
				CLANG_WARN__DUPLICATE_METHOD_MATCH = YES;
				COPY_PHASE_STRIP = NO;
				DEBUG_INFORMATION_FORMAT = "dwarf-with-dsym";
				ENABLE_NS_ASSERTIONS = NO;
				ENABLE_STRICT_OBJC_MSGSEND = YES;
				GCC_C_LANGUAGE_STANDARD = gnu11;
				GCC_NO_COMMON_BLOCKS = YES;
				GCC_WARN_64_TO_32_BIT_CONVERSION = YES;
				GCC_WARN_ABOUT_RETURN_TYPE = YES_ERROR;
				GCC_WARN_UNDECLARED_SELECTOR = YES;
				GCC_WARN_UNINITIALIZED_AUTOS = YES_AGGRESSIVE;
				GCC_WARN_UNUSED_FUNCTION = YES;
				GCC_WARN_UNUSED_VARIABLE = YES;
				IPHONEOS_DEPLOYMENT_TARGET = 13.1;
				MTL_ENABLE_DEBUG_INFO = NO;
				MTL_FAST_MATH = YES;
				SDKROOT = iphoneos;
				SWIFT_COMPILATION_MODE = wholemodule;
				SWIFT_OPTIMIZATION_LEVEL = "-O";
				VALIDATE_PRODUCT = YES;
			};
			name = Release;
		};
		30FE21D8236385BA006B8A21 /* Debug */ = {
			isa = XCBuildConfiguration;
			baseConfigurationReference = CB0D129BB1C85D2A883F706D /* Pods-500px Assessment.debug.xcconfig */;
			buildSettings = {
				ASSETCATALOG_COMPILER_APPICON_NAME = AppIcon;
				CODE_SIGN_STYLE = Automatic;
				DEVELOPMENT_TEAM = 25LAFJU3F7;
				INFOPLIST_FILE = "500px Assessment/Info.plist";
				LD_RUNPATH_SEARCH_PATHS = (
					"$(inherited)",
					"@executable_path/Frameworks",
				);
				PRODUCT_BUNDLE_IDENTIFIER = "Saim.-00px-Assessment";
				PRODUCT_NAME = "$(TARGET_NAME)";
				SWIFT_VERSION = 5.0;
				TARGETED_DEVICE_FAMILY = "1,2";
			};
			name = Debug;
		};
		30FE21D9236385BA006B8A21 /* Release */ = {
			isa = XCBuildConfiguration;
			baseConfigurationReference = 9CEF0CED7B5FD8E45FDA2B72 /* Pods-500px Assessment.release.xcconfig */;
			buildSettings = {
				ASSETCATALOG_COMPILER_APPICON_NAME = AppIcon;
				CODE_SIGN_STYLE = Automatic;
				DEVELOPMENT_TEAM = 25LAFJU3F7;
				INFOPLIST_FILE = "500px Assessment/Info.plist";
				LD_RUNPATH_SEARCH_PATHS = (
					"$(inherited)",
					"@executable_path/Frameworks",
				);
				PRODUCT_BUNDLE_IDENTIFIER = "Saim.-00px-Assessment";
				PRODUCT_NAME = "$(TARGET_NAME)";
				SWIFT_VERSION = 5.0;
				TARGETED_DEVICE_FAMILY = "1,2";
			};
			name = Release;
		};
		30FE21DB236385BA006B8A21 /* Debug */ = {
			isa = XCBuildConfiguration;
			baseConfigurationReference = D70834A1128CAE004AFF41AD /* Pods-500px AssessmentTests.debug.xcconfig */;
			buildSettings = {
				ALWAYS_EMBED_SWIFT_STANDARD_LIBRARIES = YES;
				BUNDLE_LOADER = "$(TEST_HOST)";
				CODE_SIGN_STYLE = Automatic;
				DEVELOPMENT_TEAM = 25LAFJU3F7;
				INFOPLIST_FILE = "500px AssessmentTests/Info.plist";
				IPHONEOS_DEPLOYMENT_TARGET = 13.1;
				LD_RUNPATH_SEARCH_PATHS = (
					"$(inherited)",
					"@executable_path/Frameworks",
					"@loader_path/Frameworks",
				);
				PRODUCT_BUNDLE_IDENTIFIER = "Saim.-00px-AssessmentTests";
				PRODUCT_NAME = "$(TARGET_NAME)";
				SWIFT_VERSION = 5.0;
				TARGETED_DEVICE_FAMILY = "1,2";
				TEST_HOST = "$(BUILT_PRODUCTS_DIR)/500px Assessment.app/500px Assessment";
			};
			name = Debug;
		};
		30FE21DC236385BA006B8A21 /* Release */ = {
			isa = XCBuildConfiguration;
			baseConfigurationReference = 024866E552DCBA8FD8742857 /* Pods-500px AssessmentTests.release.xcconfig */;
			buildSettings = {
				ALWAYS_EMBED_SWIFT_STANDARD_LIBRARIES = YES;
				BUNDLE_LOADER = "$(TEST_HOST)";
				CODE_SIGN_STYLE = Automatic;
				DEVELOPMENT_TEAM = 25LAFJU3F7;
				INFOPLIST_FILE = "500px AssessmentTests/Info.plist";
				IPHONEOS_DEPLOYMENT_TARGET = 13.1;
				LD_RUNPATH_SEARCH_PATHS = (
					"$(inherited)",
					"@executable_path/Frameworks",
					"@loader_path/Frameworks",
				);
				PRODUCT_BUNDLE_IDENTIFIER = "Saim.-00px-AssessmentTests";
				PRODUCT_NAME = "$(TARGET_NAME)";
				SWIFT_VERSION = 5.0;
				TARGETED_DEVICE_FAMILY = "1,2";
				TEST_HOST = "$(BUILT_PRODUCTS_DIR)/500px Assessment.app/500px Assessment";
			};
			name = Release;
		};
/* End XCBuildConfiguration section */

/* Begin XCConfigurationList section */
		30FE21B3236385B7006B8A21 /* Build configuration list for PBXProject "500px Assessment" */ = {
			isa = XCConfigurationList;
			buildConfigurations = (
				30FE21D5236385BA006B8A21 /* Debug */,
				30FE21D6236385BA006B8A21 /* Release */,
			);
			defaultConfigurationIsVisible = 0;
			defaultConfigurationName = Release;
		};
		30FE21D7236385BA006B8A21 /* Build configuration list for PBXNativeTarget "500px Assessment" */ = {
			isa = XCConfigurationList;
			buildConfigurations = (
				30FE21D8236385BA006B8A21 /* Debug */,
				30FE21D9236385BA006B8A21 /* Release */,
			);
			defaultConfigurationIsVisible = 0;
			defaultConfigurationName = Release;
		};
		30FE21DA236385BA006B8A21 /* Build configuration list for PBXNativeTarget "500px AssessmentTests" */ = {
			isa = XCConfigurationList;
			buildConfigurations = (
				30FE21DB236385BA006B8A21 /* Debug */,
				30FE21DC236385BA006B8A21 /* Release */,
			);
			defaultConfigurationIsVisible = 0;
			defaultConfigurationName = Release;
		};
/* End XCConfigurationList section */
	};
	rootObject = 30FE21B0236385B7006B8A21 /* Project object */;
}
